{
  "name": "tera-cap",
  "version": "1.0.0",
  "lockfileVersion": 3,
  "requires": true,
  "packages": {
    "": {
      "name": "tera-cap",
      "version": "1.0.0",
      "license": "ISC",
      "dependencies": {
        "cap-rbfork": "^0.2.1-a",
        "colors": "^1.4.0",
        "config": "^3.3.9",
        "hexy": "^0.3.1"
      }
    },
    "node_modules/cap-rbfork": {
      "version": "0.2.1-a",
      "resolved": "https://registry.npmjs.org/cap-rbfork/-/cap-rbfork-0.2.1-a.tgz",
      "integrity": "sha512-C3iKs6hsEj8+1beCBVkxVKS1f2CcDNXc3NP9o6qoRsOsSwEPaPbZrIKa0snXaGoTun1GUE9f9twMTr8wZZnmVA==",
      "hasInstallScript": true,
      "dependencies": {
        "nan": "^2.14.0"
      },
      "engines": {
        "node": ">=4.0.0"
      }
    },
    "node_modules/colors": {
      "version": "1.4.0",
      "resolved": "https://registry.npmjs.org/colors/-/colors-1.4.0.tgz",
      "integrity": "sha512-a+UqTh4kgZg/SlGvfbzDHpgRu7AAQOmmqRHJnxhRZICKFUT91brVhNNt58CMWU9PsBbv3PDCZUHbVxuDiH2mtA==",
      "engines": {
        "node": ">=0.1.90"
      }
    },
    "node_modules/config": {
      "version": "3.3.9",
      "resolved": "https://registry.npmjs.org/config/-/config-3.3.9.tgz",
      "integrity": "sha512-G17nfe+cY7kR0wVpc49NCYvNtelm/pPy8czHoFkAgtV1lkmcp7DHtWCdDu+C9Z7gb2WVqa9Tm3uF9aKaPbCfhg==",
      "dependencies": {
        "json5": "^2.2.3"
      },
      "engines": {
        "node": ">= 10.0.0"
      }
    },
    "node_modules/hexy": {
      "version": "0.3.5",
      "resolved": "https://registry.npmjs.org/hexy/-/hexy-0.3.5.tgz",
      "integrity": "sha512-UCP7TIZPXz5kxYJnNOym+9xaenxCLor/JyhKieo8y8/bJWunGh9xbhy3YrgYJUQ87WwfXGm05X330DszOfINZw==",
      "bin": {
        "hexy": "bin/hexy_cmd.js"
      },
      "engines": {
        "node": ">=10.4"
      }
    },
    "node_modules/json5": {
      "version": "2.2.3",
      "resolved": "https://registry.npmjs.org/json5/-/json5-2.2.3.tgz",
      "integrity": "sha512-XmOWe7eyHYH14cLdVPoyg+GOH3rYX++KpzrylJwSW98t3Nk+U8XOl8FWKOgwtzdb8lXGf6zYwDUzeHMWfxasyg==",
      "bin": {
        "json5": "lib/cli.js"
      },
      "engines": {
        "node": ">=6"
      }
    },
    "node_modules/nan": {
      "version": "2.18.0",
      "resolved": "https://registry.npmjs.org/nan/-/nan-2.18.0.tgz",
      "integrity": "sha512-W7tfG7vMOGtD30sHoZSSc/JVYiyDPEyQVso/Zz+/uQd0B0L46gtC+pHha5FFMRpil6fm/AoEcRWyOVi4+E/f8w=="
    }
  }
}
